
Microsoft Visual Studio Solution File, Format Version 12.00
# Visual Studio Version 16
VisualStudioVersion = 16.0.31205.134
MinimumVisualStudioVersion = 10.0.40219.1
Project("{FAE04EC0-301F-11D3-BF4B-00C04F79EFBC}") = "Nasljedivanje", "Nasljedivanje\Nasljedivanje.csproj", "{524A8057-6670-4BC1-B22F-9C855A96403E}"
EndProject
Global
	GlobalSection(SolutionConfigurationPlatforms) = preSolution
		Debug|Any CPU = Debug|Any CPU
		Release|Any CPU = Release|Any CPU
	EndGlobalSection
	GlobalSection(ProjectConfigurationPlatforms) = postSolution
		{524A8057-6670-4BC1-B22F-9C855A96403E}.Debug|Any CPU.ActiveCfg = Debug|Any CPU
		{524A8057-6670-4BC1-B22F-9C855A96403E}.Debug|Any CPU.Build.0 = Debug|Any CPU
		{524A8057-6670-4BC1-B22F-9C855A96403E}.Release|Any CPU.ActiveCfg = Release|Any CPU
		{524A8057-6670-4BC1-B22F-9C855A96403E}.Release|Any CPU.Build.0 = Release|Any CPU
	EndGlobalSection
	GlobalSection(SolutionProperties) = preSolution
		HideSolutionNode = FALSE
	EndGlobalSection
	GlobalSection(ExtensibilityGlobals) = postSolution
		SolutionGuid = {E30F2EE9-05B4-465C-890B-890F007DEA4D}
	EndGlobalSection
EndGlobal
